// !$*UTF8*$!
{
	archiveVersion = 1;
	classes = {
	};
	objectVersion = 46;
	objects = {

/* Begin PBXBuildFile section */
		C84F45661DDFFC4B00DF8885 /* AppDelegate.swift in Sources */ = {isa = PBXBuildFile; fileRef = C84F45651DDFFC4B00DF8885 /* AppDelegate.swift */; };
		C84F45681DDFFC4B00DF8885 /* ViewController.swift in Sources */ = {isa = PBXBuildFile; fileRef = C84F45671DDFFC4B00DF8885 /* ViewController.swift */; };
		C84F456B1DDFFC4B00DF8885 /* Main.storyboard in Resources */ = {isa = PBXBuildFile; fileRef = C84F45691DDFFC4B00DF8885 /* Main.storyboard */; };
		C84F456D1DDFFC4B00DF8885 /* Assets.xcassets in Resources */ = {isa = PBXBuildFile; fileRef = C84F456C1DDFFC4B00DF8885 /* Assets.xcassets */; };
		C84F45701DDFFC4B00DF8885 /* LaunchScreen.storyboard in Resources */ = {isa = PBXBuildFile; fileRef = C84F456E1DDFFC4B00DF8885 /* LaunchScreen.storyboard */; };
		C84F45781DDFFD5A00DF8885 /* MenuTableViewController.swift in Sources */ = {isa = PBXBuildFile; fileRef = C84F45771DDFFD5A00DF8885 /* MenuTableViewController.swift */; };
		C84F457B1DE0005500DF8885 /* RestaurantRepository.swift in Sources */ = {isa = PBXBuildFile; fileRef = C84F457A1DE0005500DF8885 /* RestaurantRepository.swift */; };
		C84F457E1DE0043100DF8885 /* MenuItem.swift in Sources */ = {isa = PBXBuildFile; fileRef = C84F457D1DE0043100DF8885 /* MenuItem.swift */; };
/* End PBXBuildFile section */

/* Begin PBXFileReference section */
		C84F45621DDFFC4B00DF8885 /* MomRestaurant.app */ = {isa = PBXFileReference; explicitFileType = wrapper.application; includeInIndex = 0; path = MomRestaurant.app; sourceTree = BUILT_PRODUCTS_DIR; };
		C84F45651DDFFC4B00DF8885 /* AppDelegate.swift */ = {isa = PBXFileReference; lastKnownFileType = sourcecode.swift; path = AppDelegate.swift; sourceTree = "<group>"; };
		C84F45671DDFFC4B00DF8885 /* ViewController.swift */ = {isa = PBXFileReference; lastKnownFileType = sourcecode.swift; path = ViewController.swift; sourceTree = "<group>"; };
		C84F456A1DDFFC4B00DF8885 /* Base */ = {isa = PBXFileReference; lastKnownFileType = file.storyboard; name = Base; path = Base.lproj/Main.storyboard; sourceTree = "<group>"; };
		C84F456C1DDFFC4B00DF8885 /* Assets.xcassets */ = {isa = PBXFileReference; lastKnownFileType = folder.assetcatalog; path = Assets.xcassets; sourceTree = "<group>"; };
		C84F456F1DDFFC4B00DF8885 /* Base */ = {isa = PBXFileReference; lastKnownFileType = file.storyboard; name = Base; path = Base.lproj/LaunchScreen.storyboard; sourceTree = "<group>"; };
		C84F45711DDFFC4B00DF8885 /* Info.plist */ = {isa = PBXFileReference; lastKnownFileType = text.plist.xml; path = Info.plist; sourceTree = "<group>"; };
		C84F45771DDFFD5A00DF8885 /* MenuTableViewController.swift */ = {isa = PBXFileReference; fileEncoding = 4; lastKnownFileType = sourcecode.swift; path = MenuTableViewController.swift; sourceTree = "<group>"; };
		C84F457A1DE0005500DF8885 /* RestaurantRepository.swift */ = {isa = PBXFileReference; fileEncoding = 4; lastKnownFileType = sourcecode.swift; path = RestaurantRepository.swift; sourceTree = "<group>"; };
		C84F457D1DE0043100DF8885 /* MenuItem.swift */ = {isa = PBXFileReference; fileEncoding = 4; lastKnownFileType = sourcecode.swift; path = MenuItem.swift; sourceTree = "<group>"; };
/* End PBXFileReference section */

/* Begin PBXFrameworksBuildPhase section */
		C84F455F1DDFFC4B00DF8885 /* Frameworks */ = {
			isa = PBXFrameworksBuildPhase;
			buildActionMask = 2147483647;
			files = (
			);
			runOnlyForDeploymentPostprocessing = 0;
		};
/* End PBXFrameworksBuildPhase section */

/* Begin PBXGroup section */
		C84F45591DDFFC4B00DF8885 = {
			isa = PBXGroup;
			children = (
				C84F45641DDFFC4B00DF8885 /* MomRestaurant */,
				C84F45631DDFFC4B00DF8885 /* Products */,
			);
			sourceTree = "<group>";
		};
		C84F45631DDFFC4B00DF8885 /* Products */ = {
			isa = PBXGroup;
			children = (
				C84F45621DDFFC4B00DF8885 /* MomRestaurant.app */,
			);
			name = Products;
			sourceTree = "<group>";
		};
		C84F45641DDFFC4B00DF8885 /* MomRestaurant */ = {
			isa = PBXGroup;
			children = (
				C84F457C1DE0041B00DF8885 /* Model */,
				C84F45791DE0003E00DF8885 /* Repository */,
				C84F45651DDFFC4B00DF8885 /* AppDelegate.swift */,
				C84F45671DDFFC4B00DF8885 /* ViewController.swift */,
				C84F45691DDFFC4B00DF8885 /* Main.storyboard */,
				C84F456C1DDFFC4B00DF8885 /* Assets.xcassets */,
				C84F456E1DDFFC4B00DF8885 /* LaunchScreen.storyboard */,
				C84F45711DDFFC4B00DF8885 /* Info.plist */,
				C84F45771DDFFD5A00DF8885 /* MenuTableViewController.swift */,
			);
			path = MomRestaurant;
			sourceTree = "<group>";
		};
		C84F45791DE0003E00DF8885 /* Repository */ = {
			isa = PBXGroup;
			children = (
				C84F457A1DE0005500DF8885 /* RestaurantRepository.swift */,
			);
			name = Repository;
			sourceTree = "<group>";
		};
		C84F457C1DE0041B00DF8885 /* Model */ = {
			isa = PBXGroup;
			children = (
				C84F457D1DE0043100DF8885 /* MenuItem.swift */,
			);
			name = Model;
			sourceTree = "<group>";
		};
/* End PBXGroup section */

/* Begin PBXNativeTarget section */
		C84F45611DDFFC4B00DF8885 /* MomRestaurant */ = {
			isa = PBXNativeTarget;
			buildConfigurationList = C84F45741DDFFC4B00DF8885 /* Build configuration list for PBXNativeTarget "MomRestaurant" */;
			buildPhases = (
				C84F455E1DDFFC4B00DF8885 /* Sources */,
				C84F455F1DDFFC4B00DF8885 /* Frameworks */,
				C84F45601DDFFC4B00DF8885 /* Resources */,
			);
			buildRules = (
			);
			dependencies = (
			);
			name = MomRestaurant;
			productName = MomRestaurant;
			productReference = C84F45621DDFFC4B00DF8885 /* MomRestaurant.app */;
			productType = "com.apple.product-type.application";
		};
/* End PBXNativeTarget section */

/* Begin PBXProject section */
		C84F455A1DDFFC4B00DF8885 /* Project object */ = {
			isa = PBXProject;
			attributes = {
				LastSwiftUpdateCheck = 0810;
				LastUpgradeCheck = 0810;
				ORGANIZATIONNAME = "Sourabh Jamlapuram";
				TargetAttributes = {
					C84F45611DDFFC4B00DF8885 = {
						CreatedOnToolsVersion = 8.1;
						DevelopmentTeam = Q6F64ULW6Q;
						ProvisioningStyle = Automatic;
					};
				};
			};
			buildConfigurationList = C84F455D1DDFFC4B00DF8885 /* Build configuration list for PBXProject "MomRestaurant" */;
			compatibilityVersion = "Xcode 3.2";
			developmentRegion = English;
			hasScannedForEncodings = 0;
			knownRegions = (
				en,
				Base,
			);
			mainGroup = C84F45591DDFFC4B00DF8885;
			productRefGroup = C84F45631DDFFC4B00DF8885 /* Products */;
			projectDirPath = "";
			projectRoot = "";
			targets = (
				C84F45611DDFFC4B00DF8885 /* MomRestaurant */,
			);
		};
/* End PBXProject section */

/* Begin PBXResourcesBuildPhase section */
		C84F45601DDFFC4B00DF8885 /* Resources */ = {
			isa = PBXResourcesBuildPhase;
			buildActionMask = 2147483647;
			files = (
				C84F45701DDFFC4B00DF8885 /* LaunchScreen.storyboard in Resources */,
				C84F456D1DDFFC4B00DF8885 /* Assets.xcassets in Resources */,
				C84F456B1DDFFC4B00DF8885 /* Main.storyboard in Resources */,
			);
			runOnlyForDeploymentPostprocessing = 0;
		};
/* End PBXResourcesBuildPhase section */

/* Begin PBXSourcesBuildPhase section */
		C84F455E1DDFFC4B00DF8885 /* Sources */ = {
			isa = PBXSourcesBuildPhase;
			buildActionMask = 2147483647;
			files = (
				C84F45681DDFFC4B00DF8885 /* ViewController.swift in Sources */,
				C84F45661DDFFC4B00DF8885 /* AppDelegate.swift in Sources */,
				C84F457B1DE0005500DF8885 /* RestaurantRepository.swift in Sources */,
				C84F45781DDFFD5A00DF8885 /* MenuTableViewController.swift in Sources */,
				C84F457E1DE0043100DF8885 /* MenuItem.swift in Sources */,
			);
			runOnlyForDeploymentPostprocessing = 0;
		};
/* End PBXSourcesBuildPhase section */

/* Begin PBXVariantGroup section */
		C84F45691DDFFC4B00DF8885 /* Main.storyboard */ = {
			isa = PBXVariantGroup;
			children = (
				C84F456A1DDFFC4B00DF8885 /* Base */,
			);
			name = Main.storyboard;
			sourceTree = "<group>";
		};
		C84F456E1DDFFC4B00DF8885 /* LaunchScreen.storyboard */ = {
			isa = PBXVariantGroup;
			children = (
				C84F456F1DDFFC4B00DF8885 /* Base */,
			);
			name = LaunchScreen.storyboard;
			sourceTree = "<group>";
		};
/* End PBXVariantGroup section */

/* Begin XCBuildConfiguration section */
		C84F45721DDFFC4B00DF8885 /* Debug */ = {
			isa = XCBuildConfiguration;
			buildSettings = {
				ALWAYS_SEARCH_USER_PATHS = NO;
				CLANG_ANALYZER_NONNULL = YES;
				CLANG_CXX_LANGUAGE_STANDARD = "gnu++0x";
				CLANG_CXX_LIBRARY = "libc++";
				CLANG_ENABLE_MODULES = YES;
				CLANG_ENABLE_OBJC_ARC = YES;
				CLANG_WARN_BOOL_CONVERSION = YES;
				CLANG_WARN_CONSTANT_CONVERSION = YES;
				CLANG_WARN_DIRECT_OBJC_ISA_USAGE = YES_ERROR;
				CLANG_WARN_DOCUMENTATION_COMMENTS = YES;
				CLANG_WARN_EMPTY_BODY = YES;
				CLANG_WARN_ENUM_CONVERSION = YES;
				CLANG_WARN_INFINITE_RECURSION = YES;
				CLANG_WARN_INT_CONVERSION = YES;
				CLANG_WARN_OBJC_ROOT_CLASS = YES_ERROR;
				CLANG_WARN_SUSPICIOUS_MOVES = YES;
				CLANG_WARN_UNREACHABLE_CODE = YES;
				CLANG_WARN__DUPLICATE_METHOD_MATCH = YES;
				"CODE_SIGN_IDENTITY[sdk=iphoneos*]" = "iPhone Developer";
				COPY_PHASE_STRIP = NO;
				DEBUG_INFORMATION_FORMAT = dwarf;
				ENABLE_STRICT_OBJC_MSGSEND = YES;
				ENABLE_TESTABILITY = YES;
				GCC_C_LANGUAGE_STANDARD = gnu99;
				GCC_DYNAMIC_NO_PIC = NO;
				GCC_NO_COMMON_BLOCKS = YES;
				GCC_OPTIMIZATION_LEVEL = 0;
				GCC_PREPROCESSOR_DEFINITIONS = (
					"DEBUG=1",
					"$(inherited)",
				);
				GCC_WARN_64_TO_32_BIT_CONVERSION = YES;
				GCC_WARN_ABOUT_RETURN_TYPE = YES_ERROR;
				GCC_WARN_UNDECLARED_SELECTOR = YES;
				GCC_WARN_UNINITIALIZED_AUTOS = YES_AGGRESSIVE;
				GCC_WARN_UNUSED_FUNCTION = YES;
				GCC_WARN_UNUSED_VARIABLE = YES;
				IPHONEOS_DEPLOYMENT_TARGET = 10.1;
				MTL_ENABLE_DEBUG_INFO = YES;
				ONLY_ACTIVE_ARCH = YES;
				SDKROOT = iphoneos;
				SWIFT_ACTIVE_COMPILATION_CONDITIONS = DEBUG;
				SWIFT_OPTIMIZATION_LEVEL = "-Onone";
				TARGETED_DEVICE_FAMILY = "1,2";
			};
			name = Debug;
		};
		C84F45731DDFFC4B00DF8885 /* Release */ = {
			isa = XCBuildConfiguration;
			buildSettings = {
				ALWAYS_SEARCH_USER_PATHS = NO;
				CLANG_ANALYZER_NONNULL = YES;
				CLANG_CXX_LANGUAGE_STANDARD = "gnu++0x";
				CLANG_CXX_LIBRARY = "libc++";
				CLANG_ENABLE_MODULES = YES;
				CLANG_ENABLE_OBJC_ARC = YES;
				CLANG_WARN_BOOL_CONVERSION = YES;
				CLANG_WARN_CONSTANT_CONVERSION = YES;
				CLANG_WARN_DIRECT_OBJC_ISA_USAGE = YES_ERROR;
				CLANG_WARN_DOCUMENTATION_COMMENTS = YES;
				CLANG_WARN_EMPTY_BODY = YES;
				CLANG_WARN_ENUM_CONVERSION = YES;
				CLANG_WARN_INFINITE_RECURSION = YES;
				CLANG_WARN_INT_CONVERSION = YES;
				CLANG_WARN_OBJC_ROOT_CLASS = YES_ERROR;
				CLANG_WARN_SUSPICIOUS_MOVES = YES;
				CLANG_WARN_UNREACHABLE_CODE = YES;
				CLANG_WARN__DUPLICATE_METHOD_MATCH = YES;
				"CODE_SIGN_IDENTITY[sdk=iphoneos*]" = "iPhone Developer";
				COPY_PHASE_STRIP = NO;
				DEBUG_INFORMATION_FORMAT = "dwarf-with-dsym";
				ENABLE_NS_ASSERTIONS = NO;
				ENABLE_STRICT_OBJC_MSGSEND = YES;
				GCC_C_LANGUAGE_STANDARD = gnu99;
				GCC_NO_COMMON_BLOCKS = YES;
				GCC_WARN_64_TO_32_BIT_CONVERSION = YES;
				GCC_WARN_ABOUT_RETURN_TYPE = YES_ERROR;
				GCC_WARN_UNDECLARED_SELECTOR = YES;
				GCC_WARN_UNINITIALIZED_AUTOS = YES_AGGRESSIVE;
				GCC_WARN_UNUSED_FUNCTION = YES;
				GCC_WARN_UNUSED_VARIABLE = YES;
				IPHONEOS_DEPLOYMENT_TARGET = 10.1;
				MTL_ENABLE_DEBUG_INFO = NO;
				SDKROOT = iphoneos;
				SWIFT_OPTIMIZATION_LEVEL = "-Owholemodule";
				TARGETED_DEVICE_FAMILY = "1,2";
				VALIDATE_PRODUCT = YES;
			};
			name = Release;
		};
		C84F45751DDFFC4B00DF8885 /* Debug */ = {
			isa = XCBuildConfiguration;
			buildSettings = {
				ASSETCATALOG_COMPILER_APPICON_NAME = AppIcon;
				DEVELOPMENT_TEAM = Q6F64ULW6Q;
				INFOPLIST_FILE = MomRestaurant/Info.plist;
				LD_RUNPATH_SEARCH_PATHS = "$(inherited) @executable_path/Frameworks";
				PRODUCT_BUNDLE_IDENTIFIER = com.jamalapuram.MomRestaurant;
				PRODUCT_NAME = "$(TARGET_NAME)";
				SWIFT_VERSION = 3.0;
			};
			name = Debug;
		};
		C84F45761DDFFC4B00DF8885 /* Release */ = {
			isa = XCBuildConfiguration;
			buildSettings = {
				ASSETCATALOG_COMPILER_APPICON_NAME = AppIcon;
				DEVELOPMENT_TEAM = Q6F64ULW6Q;
				INFOPLIST_FILE = MomRestaurant/Info.plist;
				LD_RUNPATH_SEARCH_PATHS = "$(inherited) @executable_path/Frameworks";
				PRODUCT_BUNDLE_IDENTIFIER = com.jamalapuram.MomRestaurant;
				PRODUCT_NAME = "$(TARGET_NAME)";
				SWIFT_VERSION = 3.0;
			};
			name = Release;
		};
/* End XCBuildConfiguration section */

/* Begin XCConfigurationList section */
		C84F455D1DDFFC4B00DF8885 /* Build configuration list for PBXProject "MomRestaurant" */ = {
			isa = XCConfigurationList;
			buildConfigurations = (
				C84F45721DDFFC4B00DF8885 /* Debug */,
				C84F45731DDFFC4B00DF8885 /* Release */,
			);
			defaultConfigurationIsVisible = 0;
			defaultConfigurationName = Release;
		};
		C84F45741DDFFC4B00DF8885 /* Build configuration list for PBXNativeTarget "MomRestaurant" */ = {
			isa = XCConfigurationList;
			buildConfigurations = (
				C84F45751DDFFC4B00DF8885 /* Debug */,
				C84F45761DDFFC4B00DF8885 /* Release */,
			);
			defaultConfigurationIsVisible = 0;
		};
/* End XCConfigurationList section */
	};
	rootObject = C84F455A1DDFFC4B00DF8885 /* Project object */;
}
